
Microsoft Visual Studio Solution File, Format Version 12.00
# Visual Studio Version 16
VisualStudioVersion = 25.0.1704.0
MinimumVisualStudioVersion = 10.0.40219.1
Project("{FAE04EC0-301F-11D3-BF4B-00C04F79EFBC}") = "wysiwyg", "wysiwyg\wysiwyg.csproj", "{17E4E190-1C3F-4195-9D9D-AE3D3CBBF680}"
EndProject
Global
	GlobalSection(SolutionConfigurationPlatforms) = preSolution
		Debug|Any CPU = Debug|Any CPU
		Release|Any CPU = Release|Any CPU
	EndGlobalSection
	GlobalSection(ProjectConfigurationPlatforms) = postSolution
		{17E4E190-1C3F-4195-9D9D-AE3D3CBBF680}.Debug|Any CPU.ActiveCfg = Debug|Any CPU
		{17E4E190-1C3F-4195-9D9D-AE3D3CBBF680}.Debug|Any CPU.Build.0 = Debug|Any CPU
		{17E4E190-1C3F-4195-9D9D-AE3D3CBBF680}.Release|Any CPU.ActiveCfg = Release|Any CPU
		{17E4E190-1C3F-4195-9D9D-AE3D3CBBF680}.Release|Any CPU.Build.0 = Release|Any CPU
	EndGlobalSection
	GlobalSection(SolutionProperties) = preSolution
		HideSolutionNode = FALSE
	EndGlobalSection
	GlobalSection(ExtensibilityGlobals) = postSolution
		SolutionGuid = {DA6CA5B4-993F-4692-8299-1BE6AA2B427B}
	EndGlobalSection
EndGlobal
